
Microsoft Visual Studio Solution File, Format Version 12.00
# Visual Studio Version 16
VisualStudioVersion = 16.0.30907.101
MinimumVisualStudioVersion = 10.0.40219.1
Project("{9A19103F-16F7-4668-BE54-9A1E7A4F7556}") = "Jukebox", "Jukebox\Jukebox.csproj", "{D6E46C98-EB2E-4410-BA15-7546BC557791}"
EndProject
Project("{FAE04EC0-301F-11D3-BF4B-00C04F79EFBC}") = "Jukebox.Data", "Jukebox.Data\Jukebox.Data.csproj", "{DDE7DA85-E8F8-479C-AF4C-352FC1434345}"
EndProject
Project("{FAE04EC0-301F-11D3-BF4B-00C04F79EFBC}") = "Jukebox.Entities", "Jukebox.Entities\Jukebox.Entities.csproj", "{BC4DB4B9-8272-435F-86D6-D335F50B425F}"
EndProject
Project("{FAE04EC0-301F-11D3-BF4B-00C04F79EFBC}") = "Jukebox.Domain", "Jukebox.Domain\Jukebox.Domain.csproj", "{573E1B46-F823-4303-88C5-DD73A95B51E5}"
EndProject
Project("{FAE04EC0-301F-11D3-BF4B-00C04F79EFBC}") = "Jukebox.Services", "Jukebox.Services\Jukebox.Services.csproj", "{998E41B0-AAB7-45E7-AEF7-26B223DC730A}"
EndProject
Project("{FAE04EC0-301F-11D3-BF4B-00C04F79EFBC}") = "Jukebox.Mappers", "Jukebox.Mappers\Jukebox.Mappers.csproj", "{9005D888-CDBF-49B7-A9B9-16FAA61BD343}"
EndProject
Project("{FAE04EC0-301F-11D3-BF4B-00C04F79EFBC}") = "Jukebox.Models", "Jukebox.Models\Jukebox.Models.csproj", "{7CD62C76-4DC1-45A1-97E6-9C2EB42B2BFF}"
EndProject
Project("{FAE04EC0-301F-11D3-BF4B-00C04F79EFBC}") = "WpfApp", "WpfApp\WpfApp.csproj", "{993594FA-2AFD-4CE8-81AE-39281D356FD4}"
EndProject
Global
	GlobalSection(SolutionConfigurationPlatforms) = preSolution
		Debug|Any CPU = Debug|Any CPU
		Release|Any CPU = Release|Any CPU
	EndGlobalSection
	GlobalSection(ProjectConfigurationPlatforms) = postSolution
		{D6E46C98-EB2E-4410-BA15-7546BC557791}.Debug|Any CPU.ActiveCfg = Debug|Any CPU
		{D6E46C98-EB2E-4410-BA15-7546BC557791}.Debug|Any CPU.Build.0 = Debug|Any CPU
		{D6E46C98-EB2E-4410-BA15-7546BC557791}.Release|Any CPU.ActiveCfg = Release|Any CPU
		{D6E46C98-EB2E-4410-BA15-7546BC557791}.Release|Any CPU.Build.0 = Release|Any CPU
		{DDE7DA85-E8F8-479C-AF4C-352FC1434345}.Debug|Any CPU.ActiveCfg = Debug|Any CPU
		{DDE7DA85-E8F8-479C-AF4C-352FC1434345}.Debug|Any CPU.Build.0 = Debug|Any CPU
		{DDE7DA85-E8F8-479C-AF4C-352FC1434345}.Release|Any CPU.ActiveCfg = Release|Any CPU
		{DDE7DA85-E8F8-479C-AF4C-352FC1434345}.Release|Any CPU.Build.0 = Release|Any CPU
		{BC4DB4B9-8272-435F-86D6-D335F50B425F}.Debug|Any CPU.ActiveCfg = Debug|Any CPU
		{BC4DB4B9-8272-435F-86D6-D335F50B425F}.Debug|Any CPU.Build.0 = Debug|Any CPU
		{BC4DB4B9-8272-435F-86D6-D335F50B425F}.Release|Any CPU.ActiveCfg = Release|Any CPU
		{BC4DB4B9-8272-435F-86D6-D335F50B425F}.Release|Any CPU.Build.0 = Release|Any CPU
		{573E1B46-F823-4303-88C5-DD73A95B51E5}.Debug|Any CPU.ActiveCfg = Debug|Any CPU
		{573E1B46-F823-4303-88C5-DD73A95B51E5}.Debug|Any CPU.Build.0 = Debug|Any CPU
		{573E1B46-F823-4303-88C5-DD73A95B51E5}.Release|Any CPU.ActiveCfg = Release|Any CPU
		{573E1B46-F823-4303-88C5-DD73A95B51E5}.Release|Any CPU.Build.0 = Release|Any CPU
		{998E41B0-AAB7-45E7-AEF7-26B223DC730A}.Debug|Any CPU.ActiveCfg = Debug|Any CPU
		{998E41B0-AAB7-45E7-AEF7-26B223DC730A}.Debug|Any CPU.Build.0 = Debug|Any CPU
		{998E41B0-AAB7-45E7-AEF7-26B223DC730A}.Release|Any CPU.ActiveCfg = Release|Any CPU
		{998E41B0-AAB7-45E7-AEF7-26B223DC730A}.Release|Any CPU.Build.0 = Release|Any CPU
		{9005D888-CDBF-49B7-A9B9-16FAA61BD343}.Debug|Any CPU.ActiveCfg = Debug|Any CPU
		{9005D888-CDBF-49B7-A9B9-16FAA61BD343}.Debug|Any CPU.Build.0 = Debug|Any CPU
		{9005D888-CDBF-49B7-A9B9-16FAA61BD343}.Release|Any CPU.ActiveCfg = Release|Any CPU
		{9005D888-CDBF-49B7-A9B9-16FAA61BD343}.Release|Any CPU.Build.0 = Release|Any CPU
		{7CD62C76-4DC1-45A1-97E6-9C2EB42B2BFF}.Debug|Any CPU.ActiveCfg = Debug|Any CPU
		{7CD62C76-4DC1-45A1-97E6-9C2EB42B2BFF}.Debug|Any CPU.Build.0 = Debug|Any CPU
		{7CD62C76-4DC1-45A1-97E6-9C2EB42B2BFF}.Release|Any CPU.ActiveCfg = Release|Any CPU
		{7CD62C76-4DC1-45A1-97E6-9C2EB42B2BFF}.Release|Any CPU.Build.0 = Release|Any CPU
		{993594FA-2AFD-4CE8-81AE-39281D356FD4}.Debug|Any CPU.ActiveCfg = Debug|Any CPU
		{993594FA-2AFD-4CE8-81AE-39281D356FD4}.Debug|Any CPU.Build.0 = Debug|Any CPU
		{993594FA-2AFD-4CE8-81AE-39281D356FD4}.Release|Any CPU.ActiveCfg = Release|Any CPU
		{993594FA-2AFD-4CE8-81AE-39281D356FD4}.Release|Any CPU.Build.0 = Release|Any CPU
	EndGlobalSection
	GlobalSection(SolutionProperties) = preSolution
		HideSolutionNode = FALSE
	EndGlobalSection
	GlobalSection(ExtensibilityGlobals) = postSolution
		SolutionGuid = {481B5F6C-DD6F-4576-8079-572F4EABFB0A}
	EndGlobalSection
EndGlobal
